
Microsoft Visual Studio Solution File, Format Version 12.00
# Visual Studio Version 17
VisualStudioVersion = 17.3.32901.215
MinimumVisualStudioVersion = 10.0.40219.1
Project("{FAE04EC0-301F-11D3-BF4B-00C04F79EFBC}") = "Server_HungryRun", "Server_HungryRun\Server_HungryRun.csproj", "{3DE35E42-6E6B-4F52-A19E-8EEBC957CC4C}"
EndProject
Global
	GlobalSection(SolutionConfigurationPlatforms) = preSolution
		Debug|Any CPU = Debug|Any CPU
		Release|Any CPU = Release|Any CPU
	EndGlobalSection
	GlobalSection(ProjectConfigurationPlatforms) = postSolution
		{3DE35E42-6E6B-4F52-A19E-8EEBC957CC4C}.Debug|Any CPU.ActiveCfg = Debug|Any CPU
		{3DE35E42-6E6B-4F52-A19E-8EEBC957CC4C}.Debug|Any CPU.Build.0 = Debug|Any CPU
		{3DE35E42-6E6B-4F52-A19E-8EEBC957CC4C}.Release|Any CPU.ActiveCfg = Release|Any CPU
		{3DE35E42-6E6B-4F52-A19E-8EEBC957CC4C}.Release|Any CPU.Build.0 = Release|Any CPU
	EndGlobalSection
	GlobalSection(SolutionProperties) = preSolution
		HideSolutionNode = FALSE
	EndGlobalSection
	GlobalSection(ExtensibilityGlobals) = postSolution
		SolutionGuid = {7DE15953-8D81-4C79-A4B3-75B1740C488B}
	EndGlobalSection
EndGlobal
